
Microsoft Visual Studio Solution File, Format Version 12.00
# Visual Studio Version 16
VisualStudioVersion = 16.0.29306.81
MinimumVisualStudioVersion = 10.0.40219.1
Project("{FAE04EC0-301F-11D3-BF4B-00C04F79EFBC}") = "SomeBinaryStuff", "SomeBinaryStuff.csproj", "{9C20586F-55B0-41DD-9ECD-2513AF61D661}"
EndProject
Global
	GlobalSection(SolutionConfigurationPlatforms) = preSolution
		Debug|Any CPU = Debug|Any CPU
		Release|Any CPU = Release|Any CPU
	EndGlobalSection
	GlobalSection(ProjectConfigurationPlatforms) = postSolution
		{9C20586F-55B0-41DD-9ECD-2513AF61D661}.Debug|Any CPU.ActiveCfg = Debug|Any CPU
		{9C20586F-55B0-41DD-9ECD-2513AF61D661}.Debug|Any CPU.Build.0 = Debug|Any CPU
		{9C20586F-55B0-41DD-9ECD-2513AF61D661}.Release|Any CPU.ActiveCfg = Release|Any CPU
		{9C20586F-55B0-41DD-9ECD-2513AF61D661}.Release|Any CPU.Build.0 = Release|Any CPU
	EndGlobalSection
	GlobalSection(SolutionProperties) = preSolution
		HideSolutionNode = FALSE
	EndGlobalSection
	GlobalSection(ExtensibilityGlobals) = postSolution
		SolutionGuid = {CB4DA2E5-CFB8-4FEC-B22E-1AF3EAB08B7B}
	EndGlobalSection
EndGlobal
